<?xml version="1.0" encoding="UTF-8" standalone="yes" ?>
<CodeBlocks_project_file>
	<FileVersion major="1" minor="6" />
	<Project>
		<Option title="hex-dwba" />
		<Option pch_mode="2" />
		<Option compiler="gcc" />
		<Build>
			<Target title="Release">
				<Option output="bin/hex-dwba" prefix_auto="1" extension_auto="1" />
				<Option object_output="obj/" />
				<Option type="1" />
				<Option compiler="gcc" />
				<Compiler>
					<Add option="-O2" />
					<Add option="-std=c++11" />
					<Add option="-Wall" />
					<Add option="-fexceptions" />
					<Add option="-DNDEBUG" />
					<Add option="-DNO_HDF" />
					<Add option="-DNO_MPI" />
					<Add option="-DNO_LAPACK" />
					<Add directory="../Win64/include" />
					<Add directory="../Win64/include/SuiteSparse" />
					<Add directory="../common" />
					<Add directory="src" />
				</Compiler>
				<Linker>
					<Add option="-s" />
					<Add library="..\Win64\lib\libgsl.dll.a" />
					<Add library="..\Win64\lib\libgslcblas.dll.a" />
					<Add library="..\Win64\lib\libcln.dll.a" />
					<Add library="..\Win64\lib\libginac.dll.a" />
				</Linker>
			</Target>
		</Build>
		<Unit filename="../common/hex-arrays.cpp" />
		<Unit filename="../common/hex-arrays.h" />
		<Unit filename="../common/hex-arrithm.h" />
		<Unit filename="../common/hex-born.cpp" />
		<Unit filename="../common/hex-born.h" />
		<Unit filename="../common/hex-chebyshev.h" />
		<Unit filename="../common/hex-clenshawcurtis.h" />
		<Unit filename="../common/hex-cmdline.h" />
		<Unit filename="../common/hex-compact.h" />
		<Unit filename="../common/hex-gausskronrod.h" />
		<Unit filename="../common/hex-hdffile.cpp" />
		<Unit filename="../common/hex-hdffile.h" />
		<Unit filename="../common/hex-hydrogen.cpp" />
		<Unit filename="../common/hex-hydrogen.h" />
		<Unit filename="../common/hex-interpolate.h" />
		<Unit filename="../common/hex-luft.cpp" />
		<Unit filename="../common/hex-memory.h" />
		<Unit filename="../common/hex-misc.cpp" />
		<Unit filename="../common/hex-misc.h" />
		<Unit filename="../common/hex-ndcube.h" />
		<Unit filename="../common/hex-nodeintegrate.h" />
		<Unit filename="../common/hex-numbers.h" />
		<Unit filename="../common/hex-ode.h" />
		<Unit filename="../common/hex-oscint.h" />
		<Unit filename="../common/hex-romberg.h" />
		<Unit filename="../common/hex-special.cpp" />
		<Unit filename="../common/hex-special.h" />
		<Unit filename="../common/hex-symbolic.cpp" />
		<Unit filename="../common/hex-symbolic.h" />
		<Unit filename="../common/hex-version.cpp" />
		<Unit filename="../common/hex-version.h" />
		<Unit filename="src/doc.h" />
		<Unit filename="src/dwba.cpp" />
		<Unit filename="src/dwba.h" />
		<Unit filename="src/potential.cpp" />
		<Unit filename="src/potential.h" />
		<Unit filename="src/pwba.cpp" />
		<Unit filename="src/pwba.h" />
		<Unit filename="src/ui.cpp" />
		<Unit filename="src/wave_distort.cpp" />
		<Unit filename="src/wave_distort.h" />
		<Extensions>
			<code_completion />
			<envvars />
			<debugger />
			<lib_finder disable_auto="1" />
		</Extensions>
	</Project>
</CodeBlocks_project_file>
