<?xml version="1.0" encoding="UTF-8" standalone="yes" ?>
<CodeBlocks_project_file>
	<FileVersion major="1" minor="6" />
	<Project>
		<Option title="hex-dwba" />
		<Option pch_mode="2" />
		<Option compiler="gcc" />
		<Build>
			<Target title="Release">
				<Option output="bin/hex-dwba" prefix_auto="1" extension_auto="1" />
				<Option object_output="obj/" />
				<Option type="1" />
				<Option compiler="gcc" />
				<Compiler>
					<Add option="-O2" />
					<Add option="-std=c++11" />
					<Add option="-Wall" />
					<Add option="-fexceptions" />
					<Add option="-DNDEBUG" />
					<Add option="-DNO_HDF" />
					<Add option="-DNO_MPI" />
					<Add option="-DNO_LAPACK" />
					<Add directory="../Win64/include" />
				</Compiler>
				<Linker>
					<Add option="-s" />
					<Add library="..\Win64\lib\libfftw3-3.3.4.dll.a" />
					<Add library="..\Win64\lib\libgsl-1.16.dll.a" />
					<Add library="..\Win64\lib\libgslcblas-1.16.dll.a" />
					<Add library="..\Win64\lib\libcln-1.3.4.dll.a" />
				</Linker>
			</Target>
		</Build>
		<Unit filename="src/arrays.cpp" />
		<Unit filename="src/arrays.h" />
		<Unit filename="src/arrithm.h" />
		<Unit filename="src/doc.h" />
		<Unit filename="src/dwba.cpp" />
		<Unit filename="src/dwba.h" />
		<Unit filename="src/gausskronrod.h" />
		<Unit filename="src/hdffile.cpp" />
		<Unit filename="src/hdffile.h" />
		<Unit filename="src/hydrogen.cpp" />
		<Unit filename="src/hydrogen.h" />
		<Unit filename="src/memory.h" />
		<Unit filename="src/misc.h" />
		<Unit filename="src/numbers.h" />
		<Unit filename="src/ode.h" />
		<Unit filename="src/potential.cpp" />
		<Unit filename="src/potential.h" />
		<Unit filename="src/pwba.cpp" />
		<Unit filename="src/pwba.h" />
		<Unit filename="src/romberg.h" />
		<Unit filename="src/special.cpp" />
		<Unit filename="src/special.h" />
		<Unit filename="src/symbolic.cpp" />
		<Unit filename="src/symbolic.h" />
		<Unit filename="src/ui.cpp" />
		<Unit filename="src/version.cpp" />
		<Unit filename="src/version.h" />
		<Unit filename="src/wave_distort.cpp" />
		<Unit filename="src/wave_distort.h" />
		<Extensions>
			<code_completion />
			<envvars />
			<debugger />
			<lib_finder disable_auto="1" />
		</Extensions>
	</Project>
</CodeBlocks_project_file>
