<?xml version="1.0" encoding="UTF-8" standalone="yes" ?>
<CodeBlocks_project_file>
	<FileVersion major="1" minor="6" />
	<Project>
		<Option title="hex-pwba2" />
		<Option pch_mode="2" />
		<Option compiler="gcc" />
		<Build>
			<Target title="Release">
				<Option output="bin/hex-pwba2" prefix_auto="1" extension_auto="1" />
				<Option object_output="obj/" />
				<Option type="1" />
				<Option compiler="gcc" />
				<Compiler>
					<Add option="-O2" />
					<Add option="-std=c++11" />
					<Add option="-Wall" />
					<Add option="-fexceptions" />
					<Add option="-DNDEBUG" />
					<Add option="-DNO_HDF" />
					<Add option="-DNO_MPI" />
					<Add option="-DNO_LAPACK" />
					<Add directory="../win-include" />
				</Compiler>
				<Linker>
					<Add option="-s" />
         				<Add library="../win-libraries/libfftw3.a" />
					<Add library="../win-libraries/libgsl.a" />
					<Add library="../win-libraries/libcln.a" />
					<Add library="../win-libraries/libginac.a" />
				</Linker>
			</Target>
		</Build>
		<Unit filename="src/arrays.cpp" />
		<Unit filename="src/arrays.h" />
		<Unit filename="src/arrithm.h" />
		<Unit filename="src/born.cpp" />
		<Unit filename="src/born.h" />
		<Unit filename="src/clenshawcurtis.h" />
		<Unit filename="src/cmdline.h" />
		<Unit filename="src/compact.h" />
		<Unit filename="src/complex.h" />
		<Unit filename="src/gausskronrod.h" />
		<Unit filename="src/hydrogen.cpp" />
		<Unit filename="src/hydrogen.h" />
		<Unit filename="src/memory.h" />
		<Unit filename="src/misc.h" />
		<Unit filename="src/nodeintegrate.h" />
		<Unit filename="src/pwba2-pwx.cpp" />
		<Unit filename="src/pwba2-spg.cpp" />
		<Unit filename="src/pwba2.h" />
		<Unit filename="src/radial.cpp" />
		<Unit filename="src/radial.h" />
		<Unit filename="src/special.cpp" />
		<Unit filename="src/special.h" />
		<Unit filename="src/ui.cpp" />
		<Unit filename="src/version.cpp" />
		<Unit filename="src/version.h" />
		<Extensions>
			<code_completion />
			<envvars />
			<debugger />
			<lib_finder disable_auto="1" />
		</Extensions>
	</Project>
</CodeBlocks_project_file>
