<?xml version="1.0" encoding="UTF-8" standalone="yes" ?>
<CodeBlocks_project_file>
	<FileVersion major="1" minor="6" />
	<Project>
		<Option title="hex-db" />
		<Option pch_mode="2" />
		<Option compiler="gcc" />
		<Build>
			<Target title="Release">
				<Option output="bin/hex-db" prefix_auto="1" extension_auto="1" />
				<Option object_output="obj/" />
				<Option type="1" />
				<Option compiler="gcc" />
				<Compiler>
					<Add option="-O2" />
					<Add option="-std=c++11" />
					<Add option="-Wall" />
					<Add option="-fexceptions" />
					<Add option="-DNDEBUG" />
					<Add option="-DNO_LAPACK" />
					<Add option="-DNO_HDF" />
					<Add directory="../win-include" />
					<Add directory="libs" />
				</Compiler>
				<Linker>
					<Add option="-s" />
					<Add option="-static-libstdc++" />
					<Add library="..\win-libraries\libfftw3.a" />
					<Add library="..\win-libraries\libgsl.a" />
					<Add library="..\win-libraries\libsqlite3.a" />
				</Linker>
			</Target>
		</Build>
		<Unit filename="libs/sqlitepp/binders.cpp" />
		<Unit filename="libs/sqlitepp/binders.hpp" />
		<Unit filename="libs/sqlitepp/converters.hpp" />
		<Unit filename="libs/sqlitepp/exception.cpp" />
		<Unit filename="libs/sqlitepp/exception.hpp" />
		<Unit filename="libs/sqlitepp/into.hpp" />
		<Unit filename="libs/sqlitepp/query.cpp" />
		<Unit filename="libs/sqlitepp/query.hpp" />
		<Unit filename="libs/sqlitepp/session.cpp" />
		<Unit filename="libs/sqlitepp/session.hpp" />
		<Unit filename="libs/sqlitepp/sqlitepp.hpp" />
		<Unit filename="libs/sqlitepp/statement.cpp" />
		<Unit filename="libs/sqlitepp/statement.hpp" />
		<Unit filename="libs/sqlitepp/string.cpp" />
		<Unit filename="libs/sqlitepp/string.hpp" />
		<Unit filename="libs/sqlitepp/transaction.cpp" />
		<Unit filename="libs/sqlitepp/transaction.hpp" />
		<Unit filename="libs/sqlitepp/unicode.hpp" />
		<Unit filename="libs/sqlitepp/use.hpp" />
		<Unit filename="src/arrays.cpp" />
		<Unit filename="src/arrays.h" />
		<Unit filename="src/arrithm.h" />
		<Unit filename="src/chebyshev.h" />
		<Unit filename="src/clenshawcurtis.h" />
		<Unit filename="src/cmdline.h" />
		<Unit filename="src/compact.h" />
		<Unit filename="src/complex.h" />
		<Unit filename="src/hex-db.cpp" />
		<Unit filename="src/hex-db.h" />
		<Unit filename="src/interfaces.h" />
		<Unit filename="src/interpolate.h" />
		<Unit filename="src/misc.h" />
		<Unit filename="src/special.cpp" />
		<Unit filename="src/special.h" />
		<Unit filename="src/ui.cpp" />
		<Unit filename="src/var/asy.cpp" />
		<Unit filename="src/var/bornf.cpp" />
		<Unit filename="src/var/ccs.cpp" />
		<Unit filename="src/var/colls.cpp" />
		<Unit filename="src/var/dcs.cpp" />
		<Unit filename="src/var/ics.cpp" />
		<Unit filename="src/var/ionamp.cpp" />
		<Unit filename="src/var/ionf.cpp" />
		<Unit filename="src/var/momtf.cpp" />
		<Unit filename="src/var/scatamp.cpp" />
		<Unit filename="src/var/stokes.cpp" />
		<Unit filename="src/var/tcs.cpp" />
		<Unit filename="src/var/tdcs.cpp" />
		<Unit filename="src/var/tmat.cpp" />
		<Unit filename="src/var/xcs.cpp" />
		<Unit filename="src/variables.cpp" />
		<Unit filename="src/variables.h" />
		<Unit filename="src/vec3d.cpp" />
		<Unit filename="src/vec3d.h" />
		<Unit filename="src/version.cpp" />
		<Unit filename="src/version.h" />
		<Extensions>
			<code_completion />
			<envvars />
			<debugger />
		</Extensions>
	</Project>
</CodeBlocks_project_file>
