<?xml version="1.0" encoding="UTF-8" standalone="yes" ?>
<CodeBlocks_project_file>
	<FileVersion major="1" minor="6" />
	<Project>
		<Option title="hex-db" />
		<Option pch_mode="2" />
		<Option compiler="gcc" />
		<Build>
			<Target title="lib">
				<Option output="bin/hex-db" imp_lib="lib/libhex-db.a" def_file="lib/libhex-db.def" prefix_auto="1" extension_auto="1" />
				<Option object_output="obj" />
				<Option type="3" />
				<Option compiler="gcc" />
				<Option createDefFile="1" />
				<Option createStaticLib="1" />
				<Compiler>
					<Add option="-O2" />
					<Add option="-std=c++11" />
					<Add option="-Wall" />
					<Add option="-DNDEBUG" />
					<Add option="-DNO_LAPACK" />
					<Add option="-DNO_HDF" />
					<Add option="-DNO_MPI" />
					<Add directory="../Win64/include" />
					<Add directory="libs" />
				</Compiler>
				<Linker>
					<Add library="..\Win64\lib\libgsl-1.16.dll.a" />
					<Add library="..\Win64\lib\libsqlite3-3.8.3.dll.a" />
					<Add library="..\Win64\lib\libginac-1.6.3.dll.a" />
					<Add library="..\Win64\lib\libcln-1.3.4.dll.a" />
					<Add library="..\Win64\lib\libfftw3-3.3.4.dll.a" />
				</Linker>
			</Target>
			<Target title="exe">
				<Option output="bin/hex-db" prefix_auto="1" extension_auto="1" />
				<Option object_output="obj" />
				<Option type="1" />
				<Option compiler="gcc" />
				<Compiler>
					<Add option="-O2" />
					<Add option="-std=c++11" />
					<Add option="-Wall" />
					<Add option="-fexceptions" />
					<Add option="-DNDEBUG" />
					<Add option="-DNO_LAPACK" />
					<Add option="-DNO_HDF" />
					<Add option="-DNO_MPI" />
					<Add directory="libs" />
				</Compiler>
				<Linker>
					<Add option="-s" />
					<Add library="lib\libhex-db.a" />
				</Linker>
			</Target>
			<Target title="test-c">
				<Option output="bin/hex-db-test-C" prefix_auto="1" extension_auto="1" />
				<Option object_output="obj" />
				<Option type="1" />
				<Option compiler="gcc" />
				<Option use_console_runner="0" />
				<Linker>
					<Add option="-lgfortran" />
					<Add library="lib\libhex-db.a" />
				</Linker>
			</Target>
			<Target title="test-f">
				<Option output="bin/hex-db-test-Fortran" prefix_auto="1" extension_auto="1" />
				<Option object_output="obj" />
				<Option type="1" />
				<Option compiler="gcc" />
				<Option use_console_runner="0" />
				<Linker>
					<Add option="-lgfortran" />
					<Add library="lib\libhex-db.a" />
				</Linker>
			</Target>
		</Build>
		<VirtualTargets>
			<Add alias="All" targets="lib;exe;test-c;test-f;" />
		</VirtualTargets>
		<Unit filename="libs/sqlitepp/binders.cpp">
			<Option target="lib" />
		</Unit>
		<Unit filename="libs/sqlitepp/binders.hpp">
			<Option target="exe" />
			<Option target="lib" />
		</Unit>
		<Unit filename="libs/sqlitepp/converters.hpp">
			<Option target="exe" />
			<Option target="lib" />
		</Unit>
		<Unit filename="libs/sqlitepp/exception.cpp">
			<Option target="lib" />
		</Unit>
		<Unit filename="libs/sqlitepp/exception.hpp">
			<Option target="exe" />
			<Option target="lib" />
		</Unit>
		<Unit filename="libs/sqlitepp/into.hpp">
			<Option target="exe" />
			<Option target="lib" />
		</Unit>
		<Unit filename="libs/sqlitepp/query.cpp">
			<Option target="lib" />
		</Unit>
		<Unit filename="libs/sqlitepp/query.hpp">
			<Option target="exe" />
			<Option target="lib" />
		</Unit>
		<Unit filename="libs/sqlitepp/session.cpp">
			<Option target="lib" />
		</Unit>
		<Unit filename="libs/sqlitepp/session.hpp">
			<Option target="exe" />
			<Option target="lib" />
		</Unit>
		<Unit filename="libs/sqlitepp/sqlitepp.hpp">
			<Option target="exe" />
			<Option target="lib" />
		</Unit>
		<Unit filename="libs/sqlitepp/statement.cpp">
			<Option target="lib" />
		</Unit>
		<Unit filename="libs/sqlitepp/statement.hpp">
			<Option target="exe" />
			<Option target="lib" />
		</Unit>
		<Unit filename="libs/sqlitepp/string.cpp">
			<Option target="lib" />
		</Unit>
		<Unit filename="libs/sqlitepp/string.hpp">
			<Option target="exe" />
			<Option target="lib" />
		</Unit>
		<Unit filename="libs/sqlitepp/transaction.cpp">
			<Option target="lib" />
		</Unit>
		<Unit filename="libs/sqlitepp/transaction.hpp">
			<Option target="exe" />
			<Option target="lib" />
		</Unit>
		<Unit filename="libs/sqlitepp/unicode.hpp">
			<Option target="exe" />
			<Option target="lib" />
		</Unit>
		<Unit filename="libs/sqlitepp/use.hpp">
			<Option target="exe" />
			<Option target="lib" />
		</Unit>
		<Unit filename="src/arrays.cpp">
			<Option target="exe" />
			<Option target="lib" />
		</Unit>
		<Unit filename="src/arrays.h">
			<Option target="lib" />
			<Option target="exe" />
		</Unit>
		<Unit filename="src/arrithm.h">
			<Option target="lib" />
			<Option target="exe" />
		</Unit>
		<Unit filename="src/born.cpp">
			<Option target="lib" />
		</Unit>
		<Unit filename="src/born.h">
			<Option target="lib" />
		</Unit>
		<Unit filename="src/chebyshev.h">
			<Option target="lib" />
			<Option target="exe" />
		</Unit>
		<Unit filename="src/clenshawcurtis.h">
			<Option target="lib" />
			<Option target="exe" />
		</Unit>
		<Unit filename="src/cmdline.h">
			<Option target="exe" />
			<Option target="lib" />
		</Unit>
		<Unit filename="src/compact.h">
			<Option target="lib" />
			<Option target="exe" />
		</Unit>
		<Unit filename="src/doc.h">
			<Option target="lib" />
			<Option target="exe" />
		</Unit>
		<Unit filename="src/hex-db.cpp">
			<Option target="lib" />
		</Unit>
		<Unit filename="src/hex-db.h">
			<Option target="exe" />
			<Option target="lib" />
		</Unit>
		<Unit filename="src/interfaces.h" />
		<Unit filename="src/interpolate.h">
			<Option target="lib" />
		</Unit>
		<Unit filename="src/memory.h">
			<Option target="lib" />
		</Unit>
		<Unit filename="src/misc.h">
			<Option target="exe" />
			<Option target="lib" />
		</Unit>
		<Unit filename="src/numbers.h">
			<Option target="lib" />
			<Option target="exe" />
		</Unit>
		<Unit filename="src/special.cpp">
			<Option target="lib" />
		</Unit>
		<Unit filename="src/special.h">
			<Option target="lib" />
		</Unit>
		<Unit filename="src/ui.cpp">
			<Option target="exe" />
		</Unit>
		<Unit filename="src/var/asy.cpp">
			<Option target="lib" />
		</Unit>
		<Unit filename="src/var/bornf.cpp">
			<Option target="lib" />
		</Unit>
		<Unit filename="src/var/ccs.cpp">
			<Option target="lib" />
		</Unit>
		<Unit filename="src/var/colls.cpp">
			<Option target="lib" />
		</Unit>
		<Unit filename="src/var/dcs.cpp">
			<Option target="lib" />
		</Unit>
		<Unit filename="src/var/ics.cpp">
			<Option target="lib" />
		</Unit>
		<Unit filename="src/var/ionamp.cpp">
			<Option target="lib" />
		</Unit>
		<Unit filename="src/var/ionf.cpp">
			<Option target="lib" />
		</Unit>
		<Unit filename="src/var/momtf.cpp">
			<Option target="lib" />
		</Unit>
		<Unit filename="src/var/scatamp-dir.cpp">
			<Option target="lib" />
		</Unit>
		<Unit filename="src/var/scatamp.cpp">
			<Option target="lib" />
		</Unit>
		<Unit filename="src/var/stokes.cpp">
			<Option target="lib" />
		</Unit>
		<Unit filename="src/var/tcs.cpp">
			<Option target="lib" />
		</Unit>
		<Unit filename="src/var/tdcs.cpp">
			<Option target="lib" />
		</Unit>
		<Unit filename="src/var/tmat.cpp">
			<Option target="lib" />
		</Unit>
		<Unit filename="src/var/tmatb.cpp">
			<Option target="lib" />
		</Unit>
		<Unit filename="src/var/xcs.cpp">
			<Option target="lib" />
		</Unit>
		<Unit filename="src/variables.cpp">
			<Option target="lib" />
		</Unit>
		<Unit filename="src/variables.h">
			<Option target="lib" />
		</Unit>
		<Unit filename="src/vec3d.cpp">
			<Option target="lib" />
		</Unit>
		<Unit filename="src/vec3d.h">
			<Option target="lib" />
		</Unit>
		<Unit filename="src/version.cpp">
			<Option target="lib" />
		</Unit>
		<Unit filename="src/version.h">
			<Option target="lib" />
		</Unit>
		<Unit filename="test/test-hexdb-lib-c.c">
			<Option compilerVar="CC" />
			<Option target="test-c" />
		</Unit>
		<Unit filename="test/test-hexdb-lib-f.f95">
			<Option weight="0" />
			<Option target="test-f" />
		</Unit>
		<Extensions>
			<code_completion />
			<envvars />
			<debugger />
		</Extensions>
	</Project>
</CodeBlocks_project_file>
