<?xml version="1.0" encoding="UTF-8" standalone="yes" ?>
<CodeBlocks_project_file>
	<FileVersion major="1" minor="6" />
	<Project>
		<Option title="hex-pwba" />
		<Option pch_mode="2" />
		<Option compiler="gcc" />
		<Build>
			<Target title="Release">
				<Option output="bin/Release/hex-pwba" prefix_auto="1" extension_auto="1" />
				<Option object_output="obj/Release/" />
				<Option type="1" />
				<Option compiler="gcc" />
				<Compiler>
					<Add option="-O2" />
				</Compiler>
				<Linker>
					<Add option="-s" />
				</Linker>
			</Target>
		</Build>
		<Compiler>
			<Add option="-Wall" />
			<Add option="-fexceptions" />
      <Add option="-std=c++11" />
			<Add option="-DNO_HDF" />
		  <Add directory="../include" />
		</Compiler>
    <Linker>
      <Add option="-static-libstdc++" />
			<Add library="..\lib\libcln.a" />
			<Add library="..\lib\libgsl.a" />
    </Linker>
		<Unit filename="src/arrays.cpp" />
		<Unit filename="src/arrays.h" />
		<Unit filename="src/arrithm.h" />
		<Unit filename="src/complex.h" />
		<Unit filename="src/doc.h" />
		<Unit filename="src/gausskronrod.h" />
		<Unit filename="src/misc.h" />
		<Unit filename="src/pwba.cpp" />
		<Unit filename="src/specf.cpp" />
		<Unit filename="src/specf.h" />
		<Unit filename="src/symbolic.cpp" />
		<Unit filename="src/symbolic.h" />
		<Unit filename="src/version.cpp" />
		<Unit filename="src/version.h" />
		<Extensions>
			<code_completion />
			<envvars />
			<debugger />
			<lib_finder disable_auto="1" />
		</Extensions>
	</Project>
</CodeBlocks_project_file>
