<?xml version="1.0" encoding="UTF-8" standalone="yes" ?>
<CodeBlocks_project_file>
	<FileVersion major="1" minor="6" />
	<Project>
		<Option title="hex-ecs" />
		<Option pch_mode="2" />
		<Option compiler="gcc" />
		<Build>
			<Target title="Release">
				<Option output="bin/hex-ecs" prefix_auto="1" extension_auto="1" />
				<Option object_output="obj/" />
				<Option type="1" />
				<Option compiler="gcc" />
				<Compiler>
					<Add option="-O3" />
					<Add option="-std=c++11" />
					<Add option="-Wall" />
					<Add option="-fcx-limited-range" />
					<Add option="-fexceptions" />
					<Add option="-fopenmp" />
					<Add option="-DNDEBUG" />
					<Add option="-DWITH_MPI" />
					<Add option="-DWITH_OPENCL" />
					<Add option="-DWITH_UMFPACK" />
					<Add option="-D_LONGINT" />
					<Add option="-DWITH_MUMPS" />
					<Add directory="../Win64/include" />
					<Add directory="../Win64/include/suitesparse" />
					<Add directory="../common" />
					<Add directory="src" />
				</Compiler>
				<Linker>
					<Add option="-s" />
					<Add option="-fopenmp" />
					<Add library="..\Win64\lib\libgsl-2.1.dll.a" />
					<Add library="..\Win64\lib\libmsmpi-v7.dll.a" />
					<Add library="..\Win64\lib\libopenblas-0.2.15.dll.a" />
					<Add library="..\Win64\lib\libumfpack-5.7.4.dll.a" />
					<Add library="gfortran" />
					<Add library="..\Win64\lib\libopencl-2.1.dll.a" />
					<Add library="..\Win64\lib\libmumps-5.0.1.dll.a" />
				</Linker>
			</Target>
		</Build>
		<Unit filename="../common/hex-arrays.cpp" />
		<Unit filename="../common/hex-arrays.h" />
		<Unit filename="../common/hex-arrithm.h" />
		<Unit filename="../common/hex-blas.cpp" />
		<Unit filename="../common/hex-blas.h" />
		<Unit filename="../common/hex-chebyshev.h" />
		<Unit filename="../common/hex-clenshawcurtis.h" />
		<Unit filename="../common/hex-cmdline.h" />
		<Unit filename="../common/hex-compact.h" />
		<Unit filename="../common/hex-coomatrix.h" />
		<Unit filename="../common/hex-cscmatrix.h" />
		<Unit filename="../common/hex-csrmatrix.h" />
		<Unit filename="../common/hex-densematrix.h" />
		<Unit filename="../common/hex-gausskronrod.h" />
		<Unit filename="../common/hex-hdffile.cpp" />
		<Unit filename="../common/hex-hdffile.h" />
		<Unit filename="../common/hex-hydrogen.cpp" />
		<Unit filename="../common/hex-hydrogen.h" />
		<Unit filename="../common/hex-interpolate.h" />
		<Unit filename="../common/hex-itersolve.h" />
		<Unit filename="../common/hex-luft.cpp" />
		<Unit filename="../common/hex-luft.h" />
		<Unit filename="../common/hex-matrix.cpp" />
		<Unit filename="../common/hex-matrix.h" />
		<Unit filename="../common/hex-memory.h" />
		<Unit filename="../common/hex-misc.cpp" />
		<Unit filename="../common/hex-misc.h" />
		<Unit filename="../common/hex-ndcube.h" />
		<Unit filename="../common/hex-nodeintegrate.h" />
		<Unit filename="../common/hex-numbers.h" />
		<Unit filename="../common/hex-special.cpp" />
		<Unit filename="../common/hex-special.h" />
		<Unit filename="../common/hex-spgrid.h" />
		<Unit filename="../common/hex-symbandmatrix.h" />
		<Unit filename="../common/hex-version.cpp" />
		<Unit filename="../common/hex-version.h" />
		<Unit filename="src/amplitudes.cpp" />
		<Unit filename="src/amplitudes.h" />
		<Unit filename="src/ang.cpp" />
		<Unit filename="src/ang.h" />
		<Unit filename="src/bspline.cpp" />
		<Unit filename="src/bspline.h" />
		<Unit filename="src/clarrays.h" />
		<Unit filename="src/doc.h" />
		<Unit filename="src/gauss.cpp" />
		<Unit filename="src/gauss.h" />
		<Unit filename="src/io.cpp" />
		<Unit filename="src/io.h" />
		<Unit filename="src/main.cpp" />
		<Unit filename="src/parallel.h" />
		<Unit filename="src/preconditioners.h" />
		<Unit filename="src/preconditioners/CGPreconditioner.cpp" />
		<Unit filename="src/preconditioners/CGPreconditioner.h" />
		<Unit filename="src/preconditioners/CoupledPreconditioner.cpp" />
		<Unit filename="src/preconditioners/CouplexPreconditioner.h" />
		<Unit filename="src/preconditioners/GPUPreconditioner.cpp" />
		<Unit filename="src/preconditioners/GPUPreconditioner.h" />
		<Unit filename="src/preconditioners/HybPreconditioner.cpp" />
		<Unit filename="src/preconditioners/HybPreconditioner.h" />
		<Unit filename="src/preconditioners/ILUPreconditioner.cpp" />
		<Unit filename="src/preconditioners/ILUPreconditioner.h" />
		<Unit filename="src/preconditioners/KPAPreconditioner.cpp" />
		<Unit filename="src/preconditioners/KPAPreconditioner.h" />
		<Unit filename="src/preconditioners/NoPreconditioner.cpp" />
		<Unit filename="src/preconditioners/NoPreconditioner.h" />
		<Unit filename="src/radial.cpp" />
		<Unit filename="src/radial.h" />
		<Unit filename="src/slater.cpp" />
		<Unit filename="src/solver.cpp" />
		<Unit filename="src/solver.h" />
		<Extensions>
			<code_completion />
			<envvars />
			<debugger />
			<lib_finder disable_auto="1" />
		</Extensions>
	</Project>
</CodeBlocks_project_file>
